
Microsoft Visual Studio Solution File, Format Version 12.00
# Visual Studio Version 17
VisualStudioVersion = 17.0.32014.148
MinimumVisualStudioVersion = 10.0.40219.1
Project("{9A19103F-16F7-4668-BE54-9A1E7A4F7556}") = "OceanGame", "OceanGame.csproj", "{819F66B2-E0FD-4DDA-81B8-B597502C5A15}"
EndProject
Project("{9A19103F-16F7-4668-BE54-9A1E7A4F7556}") = "OceanTUI", "..\OceanTUI\OceanTUI.csproj", "{4959D637-0954-4E23-8E28-5C4C437BBB25}"
EndProject
Project("{2150E333-8FDC-42A3-9474-1A3956D46DE8}") = "Solution Items", "Solution Items", "{754F6995-9E79-44AA-BC04-59C991771D81}"
	ProjectSection(SolutionItems) = preProject
		..\.gitattributes = ..\.gitattributes
		..\.gitignore = ..\.gitignore
	EndProjectSection
EndProject
Global
	GlobalSection(SolutionConfigurationPlatforms) = preSolution
		Debug|Any CPU = Debug|Any CPU
		Release|Any CPU = Release|Any CPU
	EndGlobalSection
	GlobalSection(ProjectConfigurationPlatforms) = postSolution
		{819F66B2-E0FD-4DDA-81B8-B597502C5A15}.Debug|Any CPU.ActiveCfg = Debug|Any CPU
		{819F66B2-E0FD-4DDA-81B8-B597502C5A15}.Debug|Any CPU.Build.0 = Debug|Any CPU
		{819F66B2-E0FD-4DDA-81B8-B597502C5A15}.Release|Any CPU.ActiveCfg = Release|Any CPU
		{819F66B2-E0FD-4DDA-81B8-B597502C5A15}.Release|Any CPU.Build.0 = Release|Any CPU
		{4959D637-0954-4E23-8E28-5C4C437BBB25}.Debug|Any CPU.ActiveCfg = Debug|Any CPU
		{4959D637-0954-4E23-8E28-5C4C437BBB25}.Debug|Any CPU.Build.0 = Debug|Any CPU
		{4959D637-0954-4E23-8E28-5C4C437BBB25}.Release|Any CPU.ActiveCfg = Release|Any CPU
		{4959D637-0954-4E23-8E28-5C4C437BBB25}.Release|Any CPU.Build.0 = Release|Any CPU
	EndGlobalSection
	GlobalSection(SolutionProperties) = preSolution
		HideSolutionNode = FALSE
	EndGlobalSection
	GlobalSection(ExtensibilityGlobals) = postSolution
		SolutionGuid = {544E9152-E42D-4B15-BFC3-F6B52CDA31CF}
	EndGlobalSection
EndGlobal
